// !$*UTF8*$!
{
	archiveVersion = 1;
	classes = {
	};
	objectVersion = 46;
	objects = {

/* Begin PBXBuildFile section */
		DC64D11823311F7A00506A50 /* SwiftUI.framework in Frameworks */ = {isa = PBXBuildFile; fileRef = DC64D11723311F7A00506A50 /* SwiftUI.framework */; settings = {ATTRIBUTES = (Weak, ); }; };
		DC64D11A23311F9900506A50 /* BatteryShapeDemo.swift in Sources */ = {isa = PBXBuildFile; fileRef = DC64D11923311F9900506A50 /* BatteryShapeDemo.swift */; };
		DC64D11C2331205200506A50 /* BatteryShape.swift in Sources */ = {isa = PBXBuildFile; fileRef = DC64D11B2331205200506A50 /* BatteryShape.swift */; };
		DCBCBEF21DEC700D00844FCB /* AppDelegate.swift in Sources */ = {isa = PBXBuildFile; fileRef = DCBCBEF11DEC700D00844FCB /* AppDelegate.swift */; };
		DCBCBEF71DEC700D00844FCB /* Main.storyboard in Resources */ = {isa = PBXBuildFile; fileRef = DCBCBEF51DEC700D00844FCB /* Main.storyboard */; };
		DCBCBEF91DEC700D00844FCB /* Assets.xcassets in Resources */ = {isa = PBXBuildFile; fileRef = DCBCBEF81DEC700D00844FCB /* Assets.xcassets */; };
		DCBCBEFC1DEC700D00844FCB /* LaunchScreen.storyboard in Resources */ = {isa = PBXBuildFile; fileRef = DCBCBEFA1DEC700D00844FCB /* LaunchScreen.storyboard */; };
		DCBCBF041DEC70DD00844FCB /* BatteryView.swift in Sources */ = {isa = PBXBuildFile; fileRef = DCBCBF031DEC70DD00844FCB /* BatteryView.swift */; };
/* End PBXBuildFile section */

/* Begin PBXFileReference section */
		DC26956C229E73B200821568 /* CHANGELOG.md */ = {isa = PBXFileReference; fileEncoding = 4; lastKnownFileType = net.daringfireball.markdown; name = CHANGELOG.md; path = ../CHANGELOG.md; sourceTree = "<group>"; };
		DC26956D229E73B200821568 /* README.md */ = {isa = PBXFileReference; fileEncoding = 4; lastKnownFileType = net.daringfireball.markdown; name = README.md; path = ../README.md; sourceTree = "<group>"; };
		DC64D11723311F7A00506A50 /* SwiftUI.framework */ = {isa = PBXFileReference; lastKnownFileType = wrapper.framework; name = SwiftUI.framework; path = System/Library/Frameworks/SwiftUI.framework; sourceTree = SDKROOT; };
		DC64D11923311F9900506A50 /* BatteryShapeDemo.swift */ = {isa = PBXFileReference; fileEncoding = 4; lastKnownFileType = sourcecode.swift; path = BatteryShapeDemo.swift; sourceTree = "<group>"; };
		DC64D11B2331205200506A50 /* BatteryShape.swift */ = {isa = PBXFileReference; fileEncoding = 4; lastKnownFileType = sourcecode.swift; name = BatteryShape.swift; path = ../Sources/BatteryShape.swift; sourceTree = "<group>"; };
		DCBCBEEE1DEC700D00844FCB /* BatteryViewDemo.app */ = {isa = PBXFileReference; explicitFileType = wrapper.application; includeInIndex = 0; path = BatteryViewDemo.app; sourceTree = BUILT_PRODUCTS_DIR; };
		DCBCBEF11DEC700D00844FCB /* AppDelegate.swift */ = {isa = PBXFileReference; lastKnownFileType = sourcecode.swift; path = AppDelegate.swift; sourceTree = "<group>"; };
		DCBCBEF61DEC700D00844FCB /* Base */ = {isa = PBXFileReference; lastKnownFileType = file.storyboard; name = Base; path = Base.lproj/Main.storyboard; sourceTree = "<group>"; };
		DCBCBEF81DEC700D00844FCB /* Assets.xcassets */ = {isa = PBXFileReference; lastKnownFileType = folder.assetcatalog; path = Assets.xcassets; sourceTree = "<group>"; };
		DCBCBEFB1DEC700D00844FCB /* Base */ = {isa = PBXFileReference; lastKnownFileType = file.storyboard; name = Base; path = Base.lproj/LaunchScreen.storyboard; sourceTree = "<group>"; };
		DCBCBEFD1DEC700D00844FCB /* Info.plist */ = {isa = PBXFileReference; lastKnownFileType = text.plist.xml; path = Info.plist; sourceTree = "<group>"; };
		DCBCBF031DEC70DD00844FCB /* BatteryView.swift */ = {isa = PBXFileReference; fileEncoding = 4; lastKnownFileType = sourcecode.swift; name = BatteryView.swift; path = ../Sources/BatteryView.swift; sourceTree = "<group>"; };
/* End PBXFileReference section */

/* Begin PBXFrameworksBuildPhase section */
		DCBCBEEB1DEC700D00844FCB /* Frameworks */ = {
			isa = PBXFrameworksBuildPhase;
			buildActionMask = 2147483647;
			files = (
				DC64D11823311F7A00506A50 /* SwiftUI.framework in Frameworks */,
			);
			runOnlyForDeploymentPostprocessing = 0;
		};
/* End PBXFrameworksBuildPhase section */

/* Begin PBXGroup section */
		DC64D11623311F7A00506A50 /* Frameworks */ = {
			isa = PBXGroup;
			children = (
				DC64D11723311F7A00506A50 /* SwiftUI.framework */,
			);
			name = Frameworks;
			sourceTree = "<group>";
		};
		DCBCBEE51DEC700D00844FCB = {
			isa = PBXGroup;
			children = (
				DC26956C229E73B200821568 /* CHANGELOG.md */,
				DC26956D229E73B200821568 /* README.md */,
				DCBCBF031DEC70DD00844FCB /* BatteryView.swift */,
				DC64D11B2331205200506A50 /* BatteryShape.swift */,
				DCBCBEF01DEC700D00844FCB /* BatteryViewDemo */,
				DCBCBEEF1DEC700D00844FCB /* Products */,
				DC64D11623311F7A00506A50 /* Frameworks */,
			);
			sourceTree = "<group>";
		};
		DCBCBEEF1DEC700D00844FCB /* Products */ = {
			isa = PBXGroup;
			children = (
				DCBCBEEE1DEC700D00844FCB /* BatteryViewDemo.app */,
			);
			name = Products;
			sourceTree = "<group>";
		};
		DCBCBEF01DEC700D00844FCB /* BatteryViewDemo */ = {
			isa = PBXGroup;
			children = (
				DCBCBEF11DEC700D00844FCB /* AppDelegate.swift */,
				DC64D11923311F9900506A50 /* BatteryShapeDemo.swift */,
				DCBCBEF51DEC700D00844FCB /* Main.storyboard */,
				DCBCBEF81DEC700D00844FCB /* Assets.xcassets */,
				DCBCBEFA1DEC700D00844FCB /* LaunchScreen.storyboard */,
				DCBCBEFD1DEC700D00844FCB /* Info.plist */,
			);
			path = BatteryViewDemo;
			sourceTree = "<group>";
		};
/* End PBXGroup section */

/* Begin PBXNativeTarget section */
		DCBCBEED1DEC700D00844FCB /* BatteryViewDemo */ = {
			isa = PBXNativeTarget;
			buildConfigurationList = DCBCBF001DEC700D00844FCB /* Build configuration list for PBXNativeTarget "BatteryViewDemo" */;
			buildPhases = (
				DCD5945920B17EC4001B6E44 /* ShellScript */,
				DCBCBEEA1DEC700D00844FCB /* Sources */,
				DCBCBEEB1DEC700D00844FCB /* Frameworks */,
				DCBCBEEC1DEC700D00844FCB /* Resources */,
				DCD5945A20B17ED4001B6E44 /* ShellScript */,
			);
			buildRules = (
			);
			dependencies = (
			);
			name = BatteryViewDemo;
			productName = BatteryViewDemo;
			productReference = DCBCBEEE1DEC700D00844FCB /* BatteryViewDemo.app */;
			productType = "com.apple.product-type.application";
		};
/* End PBXNativeTarget section */

/* Begin PBXProject section */
		DCBCBEE61DEC700D00844FCB /* Project object */ = {
			isa = PBXProject;
			attributes = {
				LastSwiftUpdateCheck = 0810;
				LastUpgradeCheck = 1020;
				ORGANIZATIONNAME = "Yonat Sharon";
				TargetAttributes = {
					DCBCBEED1DEC700D00844FCB = {
						CreatedOnToolsVersion = 8.1;
						LastSwiftMigration = 1020;
						ProvisioningStyle = Automatic;
					};
				};
			};
			buildConfigurationList = DCBCBEE91DEC700D00844FCB /* Build configuration list for PBXProject "BatteryViewDemo" */;
			compatibilityVersion = "Xcode 3.2";
			developmentRegion = en;
			hasScannedForEncodings = 0;
			knownRegions = (
				en,
				Base,
			);
			mainGroup = DCBCBEE51DEC700D00844FCB;
			productRefGroup = DCBCBEEF1DEC700D00844FCB /* Products */;
			projectDirPath = "";
			projectRoot = "";
			targets = (
				DCBCBEED1DEC700D00844FCB /* BatteryViewDemo */,
			);
		};
/* End PBXProject section */

/* Begin PBXResourcesBuildPhase section */
		DCBCBEEC1DEC700D00844FCB /* Resources */ = {
			isa = PBXResourcesBuildPhase;
			buildActionMask = 2147483647;
			files = (
				DCBCBEFC1DEC700D00844FCB /* LaunchScreen.storyboard in Resources */,
				DCBCBEF91DEC700D00844FCB /* Assets.xcassets in Resources */,
				DCBCBEF71DEC700D00844FCB /* Main.storyboard in Resources */,
			);
			runOnlyForDeploymentPostprocessing = 0;
		};
/* End PBXResourcesBuildPhase section */

/* Begin PBXShellScriptBuildPhase section */
		DCD5945920B17EC4001B6E44 /* ShellScript */ = {
			isa = PBXShellScriptBuildPhase;
			buildActionMask = 2147483647;
			files = (
			);
			inputPaths = (
			);
			outputPaths = (
			);
			runOnlyForDeploymentPostprocessing = 0;
			shellPath = /bin/sh;
			shellScript = "if which swiftformat >/dev/null; then\nswiftformat --swiftversion ${SWIFT_VERSION} \"${SRCROOT}/../Sources\"\nswiftformat --swiftversion ${SWIFT_VERSION} --config \"${SRCROOT}/../Sources/.swiftformat\" \"${SRCROOT}\"\nfi\n";
		};
		DCD5945A20B17ED4001B6E44 /* ShellScript */ = {
			isa = PBXShellScriptBuildPhase;
			buildActionMask = 2147483647;
			files = (
			);
			inputPaths = (
			);
			outputPaths = (
			);
			runOnlyForDeploymentPostprocessing = 0;
			shellPath = /bin/sh;
			shellScript = "if which swiftlint >/dev/null; then\nswiftlint lint --config \"${SRCROOT}/../Sources/.swiftlint.yml\"\ncd \"${SRCROOT}/../Sources\"\nswiftlint\nfi\n";
		};
/* End PBXShellScriptBuildPhase section */

/* Begin PBXSourcesBuildPhase section */
		DCBCBEEA1DEC700D00844FCB /* Sources */ = {
			isa = PBXSourcesBuildPhase;
			buildActionMask = 2147483647;
			files = (
				DC64D11A23311F9900506A50 /* BatteryShapeDemo.swift in Sources */,
				DC64D11C2331205200506A50 /* BatteryShape.swift in Sources */,
				DCBCBF041DEC70DD00844FCB /* BatteryView.swift in Sources */,
				DCBCBEF21DEC700D00844FCB /* AppDelegate.swift in Sources */,
			);
			runOnlyForDeploymentPostprocessing = 0;
		};
/* End PBXSourcesBuildPhase section */

/* Begin PBXVariantGroup section */
		DCBCBEF51DEC700D00844FCB /* Main.storyboard */ = {
			isa = PBXVariantGroup;
			children = (
				DCBCBEF61DEC700D00844FCB /* Base */,
			);
			name = Main.storyboard;
			sourceTree = "<group>";
		};
		DCBCBEFA1DEC700D00844FCB /* LaunchScreen.storyboard */ = {
			isa = PBXVariantGroup;
			children = (
				DCBCBEFB1DEC700D00844FCB /* Base */,
			);
			name = LaunchScreen.storyboard;
			sourceTree = "<group>";
		};
/* End PBXVariantGroup section */

/* Begin XCBuildConfiguration section */
		DCBCBEFE1DEC700D00844FCB /* Debug */ = {
			isa = XCBuildConfiguration;
			buildSettings = {
				ALWAYS_SEARCH_USER_PATHS = NO;
				CLANG_ANALYZER_NONNULL = YES;
				CLANG_CXX_LANGUAGE_STANDARD = "gnu++0x";
				CLANG_CXX_LIBRARY = "libc++";
				CLANG_ENABLE_MODULES = YES;
				CLANG_ENABLE_OBJC_ARC = YES;
				CLANG_WARN_BLOCK_CAPTURE_AUTORELEASING = YES;
				CLANG_WARN_BOOL_CONVERSION = YES;
				CLANG_WARN_COMMA = YES;
				CLANG_WARN_CONSTANT_CONVERSION = YES;
				CLANG_WARN_DEPRECATED_OBJC_IMPLEMENTATIONS = YES;
				CLANG_WARN_DIRECT_OBJC_ISA_USAGE = YES_ERROR;
				CLANG_WARN_DOCUMENTATION_COMMENTS = YES;
				CLANG_WARN_EMPTY_BODY = YES;
				CLANG_WARN_ENUM_CONVERSION = YES;
				CLANG_WARN_INFINITE_RECURSION = YES;
				CLANG_WARN_INT_CONVERSION = YES;
				CLANG_WARN_NON_LITERAL_NULL_CONVERSION = YES;
				CLANG_WARN_OBJC_IMPLICIT_RETAIN_SELF = YES;
				CLANG_WARN_OBJC_LITERAL_CONVERSION = YES;
				CLANG_WARN_OBJC_ROOT_CLASS = YES_ERROR;
				CLANG_WARN_RANGE_LOOP_ANALYSIS = YES;
				CLANG_WARN_STRICT_PROTOTYPES = YES;
				CLANG_WARN_SUSPICIOUS_MOVE = YES;
				CLANG_WARN_SUSPICIOUS_MOVES = YES;
				CLANG_WARN_UNREACHABLE_CODE = YES;
				CLANG_WARN__DUPLICATE_METHOD_MATCH = YES;
				"CODE_SIGN_IDENTITY[sdk=iphoneos*]" = "iPhone Developer";
				COPY_PHASE_STRIP = NO;
				DEBUG_INFORMATION_FORMAT = dwarf;
				ENABLE_STRICT_OBJC_MSGSEND = YES;
				ENABLE_TESTABILITY = YES;
				GCC_C_LANGUAGE_STANDARD = gnu99;
				GCC_DYNAMIC_NO_PIC = NO;
				GCC_NO_COMMON_BLOCKS = YES;
				GCC_OPTIMIZATION_LEVEL = 0;
				GCC_PREPROCESSOR_DEFINITIONS = (
					"DEBUG=1",
					"$(inherited)",
				);
				GCC_WARN_64_TO_32_BIT_CONVERSION = YES;
				GCC_WARN_ABOUT_RETURN_TYPE = YES_ERROR;
				GCC_WARN_UNDECLARED_SELECTOR = YES;
				GCC_WARN_UNINITIALIZED_AUTOS = YES_AGGRESSIVE;
				GCC_WARN_UNUSED_FUNCTION = YES;
				GCC_WARN_UNUSED_VARIABLE = YES;
				IPHONEOS_DEPLOYMENT_TARGET = 10.1;
				MTL_ENABLE_DEBUG_INFO = YES;
				ONLY_ACTIVE_ARCH = YES;
				SDKROOT = iphoneos;
				SWIFT_ACTIVE_COMPILATION_CONDITIONS = DEBUG;
				SWIFT_OPTIMIZATION_LEVEL = "-Onone";
				SWIFT_SWIFT3_OBJC_INFERENCE = Default;
				SWIFT_VERSION = 5.0;
				TARGETED_DEVICE_FAMILY = "1,2";
			};
			name = Debug;
		};
		DCBCBEFF1DEC700D00844FCB /* Release */ = {
			isa = XCBuildConfiguration;
			buildSettings = {
				ALWAYS_SEARCH_USER_PATHS = NO;
				CLANG_ANALYZER_NONNULL = YES;
				CLANG_CXX_LANGUAGE_STANDARD = "gnu++0x";
				CLANG_CXX_LIBRARY = "libc++";
				CLANG_ENABLE_MODULES = YES;
				CLANG_ENABLE_OBJC_ARC = YES;
				CLANG_WARN_BLOCK_CAPTURE_AUTORELEASING = YES;
				CLANG_WARN_BOOL_CONVERSION = YES;
				CLANG_WARN_COMMA = YES;
				CLANG_WARN_CONSTANT_CONVERSION = YES;
				CLANG_WARN_DEPRECATED_OBJC_IMPLEMENTATIONS = YES;
				CLANG_WARN_DIRECT_OBJC_ISA_USAGE = YES_ERROR;
				CLANG_WARN_DOCUMENTATION_COMMENTS = YES;
				CLANG_WARN_EMPTY_BODY = YES;
				CLANG_WARN_ENUM_CONVERSION = YES;
				CLANG_WARN_INFINITE_RECURSION = YES;
				CLANG_WARN_INT_CONVERSION = YES;
				CLANG_WARN_NON_LITERAL_NULL_CONVERSION = YES;
				CLANG_WARN_OBJC_IMPLICIT_RETAIN_SELF = YES;
				CLANG_WARN_OBJC_LITERAL_CONVERSION = YES;
				CLANG_WARN_OBJC_ROOT_CLASS = YES_ERROR;
				CLANG_WARN_RANGE_LOOP_ANALYSIS = YES;
				CLANG_WARN_STRICT_PROTOTYPES = YES;
				CLANG_WARN_SUSPICIOUS_MOVE = YES;
				CLANG_WARN_SUSPICIOUS_MOVES = YES;
				CLANG_WARN_UNREACHABLE_CODE = YES;
				CLANG_WARN__DUPLICATE_METHOD_MATCH = YES;
				"CODE_SIGN_IDENTITY[sdk=iphoneos*]" = "iPhone Developer";
				COPY_PHASE_STRIP = NO;
				DEBUG_INFORMATION_FORMAT = "dwarf-with-dsym";
				ENABLE_NS_ASSERTIONS = NO;
				ENABLE_STRICT_OBJC_MSGSEND = YES;
				GCC_C_LANGUAGE_STANDARD = gnu99;
				GCC_NO_COMMON_BLOCKS = YES;
				GCC_WARN_64_TO_32_BIT_CONVERSION = YES;
				GCC_WARN_ABOUT_RETURN_TYPE = YES_ERROR;
				GCC_WARN_UNDECLARED_SELECTOR = YES;
				GCC_WARN_UNINITIALIZED_AUTOS = YES_AGGRESSIVE;
				GCC_WARN_UNUSED_FUNCTION = YES;
				GCC_WARN_UNUSED_VARIABLE = YES;
				IPHONEOS_DEPLOYMENT_TARGET = 10.1;
				MTL_ENABLE_DEBUG_INFO = NO;
				SDKROOT = iphoneos;
				SWIFT_OPTIMIZATION_LEVEL = "-Owholemodule";
				SWIFT_SWIFT3_OBJC_INFERENCE = Default;
				SWIFT_VERSION = 5.0;
				TARGETED_DEVICE_FAMILY = "1,2";
				VALIDATE_PRODUCT = YES;
			};
			name = Release;
		};
		DCBCBF011DEC700D00844FCB /* Debug */ = {
			isa = XCBuildConfiguration;
			buildSettings = {
				ASSETCATALOG_COMPILER_APPICON_NAME = AppIcon;
				INFOPLIST_FILE = BatteryViewDemo/Info.plist;
				LD_RUNPATH_SEARCH_PATHS = "$(inherited) @executable_path/Frameworks";
				PRODUCT_BUNDLE_IDENTIFIER = com.roysharon.BatteryViewDemo;
				PRODUCT_NAME = "$(TARGET_NAME)";
			};
			name = Debug;
		};
		DCBCBF021DEC700D00844FCB /* Release */ = {
			isa = XCBuildConfiguration;
			buildSettings = {
				ASSETCATALOG_COMPILER_APPICON_NAME = AppIcon;
				INFOPLIST_FILE = BatteryViewDemo/Info.plist;
				LD_RUNPATH_SEARCH_PATHS = "$(inherited) @executable_path/Frameworks";
				PRODUCT_BUNDLE_IDENTIFIER = com.roysharon.BatteryViewDemo;
				PRODUCT_NAME = "$(TARGET_NAME)";
			};
			name = Release;
		};
/* End XCBuildConfiguration section */

/* Begin XCConfigurationList section */
		DCBCBEE91DEC700D00844FCB /* Build configuration list for PBXProject "BatteryViewDemo" */ = {
			isa = XCConfigurationList;
			buildConfigurations = (
				DCBCBEFE1DEC700D00844FCB /* Debug */,
				DCBCBEFF1DEC700D00844FCB /* Release */,
			);
			defaultConfigurationIsVisible = 0;
			defaultConfigurationName = Release;
		};
		DCBCBF001DEC700D00844FCB /* Build configuration list for PBXNativeTarget "BatteryViewDemo" */ = {
			isa = XCConfigurationList;
			buildConfigurations = (
				DCBCBF011DEC700D00844FCB /* Debug */,
				DCBCBF021DEC700D00844FCB /* Release */,
			);
			defaultConfigurationIsVisible = 0;
			defaultConfigurationName = Release;
		};
/* End XCConfigurationList section */
	};
	rootObject = DCBCBEE61DEC700D00844FCB /* Project object */;
}
